// !$*UTF8*$!
{
	archiveVersion = 1;
	classes = {
	};
	objectVersion = 46;
	objects = {

/* Begin PBXBuildFile section */
		67E271081D9965E300AC94DF /* AppDelegate.swift in Sources */ = {isa = PBXBuildFile; fileRef = 67E271071D9965E300AC94DF /* AppDelegate.swift */; };
		67E2710A1D9965E300AC94DF /* ViewController.swift in Sources */ = {isa = PBXBuildFile; fileRef = 67E271091D9965E300AC94DF /* ViewController.swift */; };
		67E2710D1D9965E300AC94DF /* Main.storyboard in Resources */ = {isa = PBXBuildFile; fileRef = 67E2710B1D9965E300AC94DF /* Main.storyboard */; };
		67E2710F1D9965E300AC94DF /* Assets.xcassets in Resources */ = {isa = PBXBuildFile; fileRef = 67E2710E1D9965E300AC94DF /* Assets.xcassets */; };
		67E271121D9965E300AC94DF /* LaunchScreen.storyboard in Resources */ = {isa = PBXBuildFile; fileRef = 67E271101D9965E300AC94DF /* LaunchScreen.storyboard */; };
/* End PBXBuildFile section */

/* Begin PBXFileReference section */
		67E271041D9965E300AC94DF /* SecondIosApp.app */ = {isa = PBXFileReference; explicitFileType = wrapper.application; includeInIndex = 0; path = SecondIosApp.app; sourceTree = BUILT_PRODUCTS_DIR; };
		67E271071D9965E300AC94DF /* AppDelegate.swift */ = {isa = PBXFileReference; lastKnownFileType = sourcecode.swift; path = AppDelegate.swift; sourceTree = "<group>"; };
		67E271091D9965E300AC94DF /* ViewController.swift */ = {isa = PBXFileReference; lastKnownFileType = sourcecode.swift; path = ViewController.swift; sourceTree = "<group>"; };
		67E2710C1D9965E300AC94DF /* Base */ = {isa = PBXFileReference; lastKnownFileType = file.storyboard; name = Base; path = Base.lproj/Main.storyboard; sourceTree = "<group>"; };
		67E2710E1D9965E300AC94DF /* Assets.xcassets */ = {isa = PBXFileReference; lastKnownFileType = folder.assetcatalog; path = Assets.xcassets; sourceTree = "<group>"; };
		67E271111D9965E300AC94DF /* Base */ = {isa = PBXFileReference; lastKnownFileType = file.storyboard; name = Base; path = Base.lproj/LaunchScreen.storyboard; sourceTree = "<group>"; };
		67E271131D9965E300AC94DF /* Info.plist */ = {isa = PBXFileReference; lastKnownFileType = text.plist.xml; path = Info.plist; sourceTree = "<group>"; };
/* End PBXFileReference section */

/* Begin PBXFrameworksBuildPhase section */
		67E271011D9965E300AC94DF /* Frameworks */ = {
			isa = PBXFrameworksBuildPhase;
			buildActionMask = 2147483647;
			files = (
			);
			runOnlyForDeploymentPostprocessing = 0;
		};
/* End PBXFrameworksBuildPhase section */

/* Begin PBXGroup section */
		67E270FB1D9965E300AC94DF = {
			isa = PBXGroup;
			children = (
				67E271061D9965E300AC94DF /* SecondIosApp */,
				67E271051D9965E300AC94DF /* Products */,
			);
			sourceTree = "<group>";
		};
		67E271051D9965E300AC94DF /* Products */ = {
			isa = PBXGroup;
			children = (
				67E271041D9965E300AC94DF /* SecondIosApp.app */,
			);
			name = Products;
			sourceTree = "<group>";
		};
		67E271061D9965E300AC94DF /* SecondIosApp */ = {
			isa = PBXGroup;
			children = (
				67E271071D9965E300AC94DF /* AppDelegate.swift */,
				67E271091D9965E300AC94DF /* ViewController.swift */,
				67E2710B1D9965E300AC94DF /* Main.storyboard */,
				67E2710E1D9965E300AC94DF /* Assets.xcassets */,
				67E271101D9965E300AC94DF /* LaunchScreen.storyboard */,
				67E271131D9965E300AC94DF /* Info.plist */,
			);
			path = SecondIosApp;
			sourceTree = "<group>";
		};
/* End PBXGroup section */

/* Begin PBXNativeTarget section */
		67E271031D9965E300AC94DF /* SecondIosApp */ = {
			isa = PBXNativeTarget;
			buildConfigurationList = 67E271161D9965E300AC94DF /* Build configuration list for PBXNativeTarget "SecondIosApp" */;
			buildPhases = (
				67E271001D9965E300AC94DF /* Sources */,
				67E271011D9965E300AC94DF /* Frameworks */,
				67E271021D9965E300AC94DF /* Resources */,
			);
			buildRules = (
			);
			dependencies = (
			);
			name = SecondIosApp;
			productName = SecondIosApp;
			productReference = 67E271041D9965E300AC94DF /* SecondIosApp.app */;
			productType = "com.apple.product-type.application";
		};
/* End PBXNativeTarget section */

/* Begin PBXProject section */
		67E270FC1D9965E300AC94DF /* Project object */ = {
			isa = PBXProject;
			attributes = {
				LastSwiftUpdateCheck = 0720;
				LastUpgradeCheck = 0720;
				ORGANIZATIONNAME = Ctec;
				TargetAttributes = {
					67E271031D9965E300AC94DF = {
						CreatedOnToolsVersion = 7.2;
					};
				};
			};
			buildConfigurationList = 67E270FF1D9965E300AC94DF /* Build configuration list for PBXProject "SecondIosApp" */;
			compatibilityVersion = "Xcode 3.2";
			developmentRegion = English;
			hasScannedForEncodings = 0;
			knownRegions = (
				en,
				Base,
			);
			mainGroup = 67E270FB1D9965E300AC94DF;
			productRefGroup = 67E271051D9965E300AC94DF /* Products */;
			projectDirPath = "";
			projectRoot = "";
			targets = (
				67E271031D9965E300AC94DF /* SecondIosApp */,
			);
		};
/* End PBXProject section */

/* Begin PBXResourcesBuildPhase section */
		67E271021D9965E300AC94DF /* Resources */ = {
			isa = PBXResourcesBuildPhase;
			buildActionMask = 2147483647;
			files = (
				67E271121D9965E300AC94DF /* LaunchScreen.storyboard in Resources */,
				67E2710F1D9965E300AC94DF /* Assets.xcassets in Resources */,
				67E2710D1D9965E300AC94DF /* Main.storyboard in Resources */,
			);
			runOnlyForDeploymentPostprocessing = 0;
		};
/* End PBXResourcesBuildPhase section */

/* Begin PBXSourcesBuildPhase section */
		67E271001D9965E300AC94DF /* Sources */ = {
			isa = PBXSourcesBuildPhase;
			buildActionMask = 2147483647;
			files = (
				67E2710A1D9965E300AC94DF /* ViewController.swift in Sources */,
				67E271081D9965E300AC94DF /* AppDelegate.swift in Sources */,
			);
			runOnlyForDeploymentPostprocessing = 0;
		};
/* End PBXSourcesBuildPhase section */

/* Begin PBXVariantGroup section */
		67E2710B1D9965E300AC94DF /* Main.storyboard */ = {
			isa = PBXVariantGroup;
			children = (
				67E2710C1D9965E300AC94DF /* Base */,
			);
			name = Main.storyboard;
			sourceTree = "<group>";
		};
		67E271101D9965E300AC94DF /* LaunchScreen.storyboard */ = {
			isa = PBXVariantGroup;
			children = (
				67E271111D9965E300AC94DF /* Base */,
			);
			name = LaunchScreen.storyboard;
			sourceTree = "<group>";
		};
/* End PBXVariantGroup section */

/* Begin XCBuildConfiguration section */
		67E271141D9965E300AC94DF /* Debug */ = {
			isa = XCBuildConfiguration;
			buildSettings = {
				ALWAYS_SEARCH_USER_PATHS = NO;
				CLANG_CXX_LANGUAGE_STANDARD = "gnu++0x";
				CLANG_CXX_LIBRARY = "libc++";
				CLANG_ENABLE_MODULES = YES;
				CLANG_ENABLE_OBJC_ARC = YES;
				CLANG_WARN_BOOL_CONVERSION = YES;
				CLANG_WARN_CONSTANT_CONVERSION = YES;
				CLANG_WARN_DIRECT_OBJC_ISA_USAGE = YES_ERROR;
				CLANG_WARN_EMPTY_BODY = YES;
				CLANG_WARN_ENUM_CONVERSION = YES;
				CLANG_WARN_INT_CONVERSION = YES;
				CLANG_WARN_OBJC_ROOT_CLASS = YES_ERROR;
				CLANG_WARN_UNREACHABLE_CODE = YES;
				CLANG_WARN__DUPLICATE_METHOD_MATCH = YES;
				"CODE_SIGN_IDENTITY[sdk=iphoneos*]" = "iPhone Developer";
				COPY_PHASE_STRIP = NO;
				DEBUG_INFORMATION_FORMAT = dwarf;
				ENABLE_STRICT_OBJC_MSGSEND = YES;
				ENABLE_TESTABILITY = YES;
				GCC_C_LANGUAGE_STANDARD = gnu99;
				GCC_DYNAMIC_NO_PIC = NO;
				GCC_NO_COMMON_BLOCKS = YES;
				GCC_OPTIMIZATION_LEVEL = 0;
				GCC_PREPROCESSOR_DEFINITIONS = (
					"DEBUG=1",
					"$(inherited)",
				);
				GCC_WARN_64_TO_32_BIT_CONVERSION = YES;
				GCC_WARN_ABOUT_RETURN_TYPE = YES_ERROR;
				GCC_WARN_UNDECLARED_SELECTOR = YES;
				GCC_WARN_UNINITIALIZED_AUTOS = YES_AGGRESSIVE;
				GCC_WARN_UNUSED_FUNCTION = YES;
				GCC_WARN_UNUSED_VARIABLE = YES;
				IPHONEOS_DEPLOYMENT_TARGET = 9.2;
				MTL_ENABLE_DEBUG_INFO = YES;
				ONLY_ACTIVE_ARCH = YES;
				SDKROOT = iphoneos;
				SWIFT_OPTIMIZATION_LEVEL = "-Onone";
				TARGETED_DEVICE_FAMILY = "1,2";
			};
			name = Debug;
		};
		67E271151D9965E300AC94DF /* Release */ = {
			isa = XCBuildConfiguration;
			buildSettings = {
				ALWAYS_SEARCH_USER_PATHS = NO;
				CLANG_CXX_LANGUAGE_STANDARD = "gnu++0x";
				CLANG_CXX_LIBRARY = "libc++";
				CLANG_ENABLE_MODULES = YES;
				CLANG_ENABLE_OBJC_ARC = YES;
				CLANG_WARN_BOOL_CONVERSION = YES;
				CLANG_WARN_CONSTANT_CONVERSION = YES;
				CLANG_WARN_DIRECT_OBJC_ISA_USAGE = YES_ERROR;
				CLANG_WARN_EMPTY_BODY = YES;
				CLANG_WARN_ENUM_CONVERSION = YES;
				CLANG_WARN_INT_CONVERSION = YES;
				CLANG_WARN_OBJC_ROOT_CLASS = YES_ERROR;
				CLANG_WARN_UNREACHABLE_CODE = YES;
				CLANG_WARN__DUPLICATE_METHOD_MATCH = YES;
				"CODE_SIGN_IDENTITY[sdk=iphoneos*]" = "iPhone Developer";
				COPY_PHASE_STRIP = NO;
				DEBUG_INFORMATION_FORMAT = "dwarf-with-dsym";
				ENABLE_NS_ASSERTIONS = NO;
				ENABLE_STRICT_OBJC_MSGSEND = YES;
				GCC_C_LANGUAGE_STANDARD = gnu99;
				GCC_NO_COMMON_BLOCKS = YES;
				GCC_WARN_64_TO_32_BIT_CONVERSION = YES;
				GCC_WARN_ABOUT_RETURN_TYPE = YES_ERROR;
				GCC_WARN_UNDECLARED_SELECTOR = YES;
				GCC_WARN_UNINITIALIZED_AUTOS = YES_AGGRESSIVE;
				GCC_WARN_UNUSED_FUNCTION = YES;
				GCC_WARN_UNUSED_VARIABLE = YES;
				IPHONEOS_DEPLOYMENT_TARGET = 9.2;
				MTL_ENABLE_DEBUG_INFO = NO;
				SDKROOT = iphoneos;
				TARGETED_DEVICE_FAMILY = "1,2";
				VALIDATE_PRODUCT = YES;
			};
			name = Release;
		};
		67E271171D9965E300AC94DF /* Debug */ = {
			isa = XCBuildConfiguration;
			buildSettings = {
				ASSETCATALOG_COMPILER_APPICON_NAME = AppIcon;
				INFOPLIST_FILE = SecondIosApp/Info.plist;
				LD_RUNPATH_SEARCH_PATHS = "$(inherited) @executable_path/Frameworks";
				PRODUCT_BUNDLE_IDENTIFIER = Ctec.SecondIosApp;
				PRODUCT_NAME = "$(TARGET_NAME)";
			};
			name = Debug;
		};
		67E271181D9965E300AC94DF /* Release */ = {
			isa = XCBuildConfiguration;
			buildSettings = {
				ASSETCATALOG_COMPILER_APPICON_NAME = AppIcon;
				INFOPLIST_FILE = SecondIosApp/Info.plist;
				LD_RUNPATH_SEARCH_PATHS = "$(inherited) @executable_path/Frameworks";
				PRODUCT_BUNDLE_IDENTIFIER = Ctec.SecondIosApp;
				PRODUCT_NAME = "$(TARGET_NAME)";
			};
			name = Release;
		};
/* End XCBuildConfiguration section */

/* Begin XCConfigurationList section */
		67E270FF1D9965E300AC94DF /* Build configuration list for PBXProject "SecondIosApp" */ = {
			isa = XCConfigurationList;
			buildConfigurations = (
				67E271141D9965E300AC94DF /* Debug */,
				67E271151D9965E300AC94DF /* Release */,
			);
			defaultConfigurationIsVisible = 0;
			defaultConfigurationName = Release;
		};
		67E271161D9965E300AC94DF /* Build configuration list for PBXNativeTarget "SecondIosApp" */ = {
			isa = XCConfigurationList;
			buildConfigurations = (
				67E271171D9965E300AC94DF /* Debug */,
				67E271181D9965E300AC94DF /* Release */,
			);
			defaultConfigurationIsVisible = 0;
		};
/* End XCConfigurationList section */
	};
	rootObject = 67E270FC1D9965E300AC94DF /* Project object */;
}
